
Microsoft Visual Studio Solution File, Format Version 12.00
# Visual Studio Version 16
VisualStudioVersion = 16.0.31019.194
MinimumVisualStudioVersion = 10.0.40219.1
Project("{FAE04EC0-301F-11D3-BF4B-00C04F79EFBC}") = "RabbitMqConsumer", "RabbitMqConsumer\RabbitMqConsumer.csproj", "{58ADABB9-3695-42A5-86AF-28F65BB7618D}"
EndProject
Global
	GlobalSection(SolutionConfigurationPlatforms) = preSolution
		Debug|Any CPU = Debug|Any CPU
		Release|Any CPU = Release|Any CPU
	EndGlobalSection
	GlobalSection(ProjectConfigurationPlatforms) = postSolution
		{58ADABB9-3695-42A5-86AF-28F65BB7618D}.Debug|Any CPU.ActiveCfg = Debug|Any CPU
		{58ADABB9-3695-42A5-86AF-28F65BB7618D}.Debug|Any CPU.Build.0 = Debug|Any CPU
		{58ADABB9-3695-42A5-86AF-28F65BB7618D}.Release|Any CPU.ActiveCfg = Release|Any CPU
		{58ADABB9-3695-42A5-86AF-28F65BB7618D}.Release|Any CPU.Build.0 = Release|Any CPU
	EndGlobalSection
	GlobalSection(SolutionProperties) = preSolution
		HideSolutionNode = FALSE
	EndGlobalSection
	GlobalSection(ExtensibilityGlobals) = postSolution
		SolutionGuid = {2D73FCFC-03CA-48E1-9908-C219385E7A61}
	EndGlobalSection
EndGlobal
